
Microsoft Visual Studio Solution File, Format Version 12.00
# Visual Studio 2015
Project("{FAE04EC0-301F-11D3-BF4B-00C04F79EFBC}") = "WorkoutApp.CSharp", "WorkoutApp.CSharp.csproj", "{0D443F40-1D90-CD2C-6DD4-A46580AE773F}"
EndProject
Project("{FAE04EC0-301F-11D3-BF4B-00C04F79EFBC}") = "WorkoutApp.CSharp.Editor", "WorkoutApp.CSharp.Editor.csproj", "{672924C8-C60B-37CF-1E24-19830B7AB098}"
EndProject
Global
	GlobalSection(SolutionConfigurationPlatforms) = preSolution
		Debug|Any CPU = Debug|Any CPU
		Release|Any CPU = Release|Any CPU
	EndGlobalSection
	GlobalSection(ProjectConfigurationPlatforms) = postSolution
		{0D443F40-1D90-CD2C-6DD4-A46580AE773F}.Debug|Any CPU.ActiveCfg = Debug|Any CPU
		{0D443F40-1D90-CD2C-6DD4-A46580AE773F}.Debug|Any CPU.Build.0 = Debug|Any CPU
		{0D443F40-1D90-CD2C-6DD4-A46580AE773F}.Release|Any CPU.ActiveCfg = Release|Any CPU
		{0D443F40-1D90-CD2C-6DD4-A46580AE773F}.Release|Any CPU.Build.0 = Release|Any CPU
		{672924C8-C60B-37CF-1E24-19830B7AB098}.Debug|Any CPU.ActiveCfg = Debug|Any CPU
		{672924C8-C60B-37CF-1E24-19830B7AB098}.Debug|Any CPU.Build.0 = Debug|Any CPU
		{672924C8-C60B-37CF-1E24-19830B7AB098}.Release|Any CPU.ActiveCfg = Release|Any CPU
		{672924C8-C60B-37CF-1E24-19830B7AB098}.Release|Any CPU.Build.0 = Release|Any CPU
	EndGlobalSection
	GlobalSection(SolutionProperties) = preSolution
		HideSolutionNode = FALSE
	EndGlobalSection
EndGlobal
